// !$*UTF8*$!
{
	archiveVersion = 1;
	classes = {
	};
	objectVersion = 56;
	objects = {

/* Begin PBXBuildFile section */
		808EE58A2B310E810026C9E4 /* CurrentSeasonDemoData.json in Resources */ = {isa = PBXBuildFile; fileRef = 808EE5892B310E810026C9E4 /* CurrentSeasonDemoData.json */; };
		80A200912B3778E4004B3F82 /* CurrentResultsRaceTableDTO.swift in Sources */ = {isa = PBXBuildFile; fileRef = 80A200902B3778E4004B3F82 /* CurrentResultsRaceTableDTO.swift */; };
		80A200932B37790A004B3F82 /* CurrentResultsRaceTable.swift in Sources */ = {isa = PBXBuildFile; fileRef = 80A200922B37790A004B3F82 /* CurrentResultsRaceTable.swift */; };
		80A200952B377AD7004B3F82 /* RaceResultsRepository.swift in Sources */ = {isa = PBXBuildFile; fileRef = 80A200942B377AD7004B3F82 /* RaceResultsRepository.swift */; };
		80A200972B377AF4004B3F82 /* RaceResultsVM.swift in Sources */ = {isa = PBXBuildFile; fileRef = 80A200962B377AF4004B3F82 /* RaceResultsVM.swift */; };
		80A200992B377B15004B3F82 /* RaceCell.swift in Sources */ = {isa = PBXBuildFile; fileRef = 80A200982B377B15004B3F82 /* RaceCell.swift */; };
		80A2009B2B377B3F004B3F82 /* DriverResultCell.swift in Sources */ = {isa = PBXBuildFile; fileRef = 80A2009A2B377B3F004B3F82 /* DriverResultCell.swift */; };
		80A2009D2B377B5D004B3F82 /* RoundCircuitCell.swift in Sources */ = {isa = PBXBuildFile; fileRef = 80A2009C2B377B5D004B3F82 /* RoundCircuitCell.swift */; };
		80A2009F2B377BAD004B3F82 /* RacesResultsTest.json in Resources */ = {isa = PBXBuildFile; fileRef = 80A2009E2B377BAD004B3F82 /* RacesResultsTest.json */; };
		80A200A12B377BD0004B3F82 /* RacesResultsRepoTest.swift in Sources */ = {isa = PBXBuildFile; fileRef = 80A200A02B377BD0004B3F82 /* RacesResultsRepoTest.swift */; };
		80A200A32B377C1B004B3F82 /* RaceResultView.swift in Sources */ = {isa = PBXBuildFile; fileRef = 80A200A22B377C1B004B3F82 /* RaceResultView.swift */; };
		80A200A52B377C43004B3F82 /* RaceResultDetailView.swift in Sources */ = {isa = PBXBuildFile; fileRef = 80A200A42B377C43004B3F82 /* RaceResultDetailView.swift */; };
		80A200A92B3780C5004B3F82 /* CurrentDriverInformationDTO.swift in Sources */ = {isa = PBXBuildFile; fileRef = 80A200A82B3780C4004B3F82 /* CurrentDriverInformationDTO.swift */; };
		80A200AB2B3780E3004B3F82 /* CurrentDriverLastStandingsDTO.swift in Sources */ = {isa = PBXBuildFile; fileRef = 80A200AA2B3780E3004B3F82 /* CurrentDriverLastStandingsDTO.swift */; };
		80A200AD2B3780FF004B3F82 /* CurrentDriverInfoTable.swift in Sources */ = {isa = PBXBuildFile; fileRef = 80A200AC2B3780FF004B3F82 /* CurrentDriverInfoTable.swift */; };
		80A200AF2B378122004B3F82 /* DriverLastStandingsTable.swift in Sources */ = {isa = PBXBuildFile; fileRef = 80A200AE2B378122004B3F82 /* DriverLastStandingsTable.swift */; };
		80A200B12B378163004B3F82 /* CurrentDriverInfoRepository.swift in Sources */ = {isa = PBXBuildFile; fileRef = 80A200B02B378163004B3F82 /* CurrentDriverInfoRepository.swift */; };
		80A200B32B378192004B3F82 /* CurrentDriverInfoTest.json in Resources */ = {isa = PBXBuildFile; fileRef = 80A200B22B378192004B3F82 /* CurrentDriverInfoTest.json */; };
		80A200B52B3781B5004B3F82 /* CurrentDriverInfoRepoTest.swift in Sources */ = {isa = PBXBuildFile; fileRef = 80A200B42B3781B5004B3F82 /* CurrentDriverInfoRepoTest.swift */; };
		80A200B72B3781D9004B3F82 /* CurrentDriverInfoVM.swift in Sources */ = {isa = PBXBuildFile; fileRef = 80A200B62B3781D9004B3F82 /* CurrentDriverInfoVM.swift */; };
		80A200B92B3782C6004B3F82 /* DriverLastStdRepository.swift in Sources */ = {isa = PBXBuildFile; fileRef = 80A200B82B3782C6004B3F82 /* DriverLastStdRepository.swift */; };
		80A200BB2B378302004B3F82 /* DriverInfoCell.swift in Sources */ = {isa = PBXBuildFile; fileRef = 80A200BA2B378302004B3F82 /* DriverInfoCell.swift */; };
		80A200BD2B378326004B3F82 /* DriversImageGridCell.swift in Sources */ = {isa = PBXBuildFile; fileRef = 80A200BC2B378326004B3F82 /* DriversImageGridCell.swift */; };
		80A200BF2B378357004B3F82 /* DriverInfoImageCell.swift in Sources */ = {isa = PBXBuildFile; fileRef = 80A200BE2B378357004B3F82 /* DriverInfoImageCell.swift */; };
		80A200C12B37837A004B3F82 /* DriverInfoDetailCell.swift in Sources */ = {isa = PBXBuildFile; fileRef = 80A200C02B37837A004B3F82 /* DriverInfoDetailCell.swift */; };
		80A200C32B378395004B3F82 /* DriverLastStdCell.swift in Sources */ = {isa = PBXBuildFile; fileRef = 80A200C22B378395004B3F82 /* DriverLastStdCell.swift */; };
		80A200C52B3783BA004B3F82 /* DriverInfoDetailView.swift in Sources */ = {isa = PBXBuildFile; fileRef = 80A200C42B3783BA004B3F82 /* DriverInfoDetailView.swift */; };
		80A200C72B3783D4004B3F82 /* DriverInfoView.swift in Sources */ = {isa = PBXBuildFile; fileRef = 80A200C62B3783D4004B3F82 /* DriverInfoView.swift */; };
		80A200C92B3898DC004B3F82 /* CurrentConstructorInfoDTO.swift in Sources */ = {isa = PBXBuildFile; fileRef = 80A200C82B3898DC004B3F82 /* CurrentConstructorInfoDTO.swift */; };
		80A200CB2B389967004B3F82 /* CurrentConstructorLastStandingsDTO.swift in Sources */ = {isa = PBXBuildFile; fileRef = 80A200CA2B389967004B3F82 /* CurrentConstructorLastStandingsDTO.swift */; };
		80A200CD2B38998D004B3F82 /* CurrentConstructorTable.swift in Sources */ = {isa = PBXBuildFile; fileRef = 80A200CC2B38998D004B3F82 /* CurrentConstructorTable.swift */; };
		80A200D12B389BF8004B3F82 /* CurrentConstructorTest.json in Resources */ = {isa = PBXBuildFile; fileRef = 80A200D02B389BF8004B3F82 /* CurrentConstructorTest.json */; };
		80A200D32B389C0B004B3F82 /* CurrentConstructorRepository.swift in Sources */ = {isa = PBXBuildFile; fileRef = 80A200D22B389C0B004B3F82 /* CurrentConstructorRepository.swift */; };
		80A200DB2B389C6B004B3F82 /* ConstructorInfoDetailView.swift in Sources */ = {isa = PBXBuildFile; fileRef = 80A200DA2B389C6B004B3F82 /* ConstructorInfoDetailView.swift */; };
		80A200DD2B389C7F004B3F82 /* ConstructorImageGridCell.swift in Sources */ = {isa = PBXBuildFile; fileRef = 80A200DC2B389C7F004B3F82 /* ConstructorImageGridCell.swift */; };
		80A200DF2B389C89004B3F82 /* ConstructorInfoCell.swift in Sources */ = {isa = PBXBuildFile; fileRef = 80A200DE2B389C89004B3F82 /* ConstructorInfoCell.swift */; };
		80A200E12B389C92004B3F82 /* ConstructorImageCell.swift in Sources */ = {isa = PBXBuildFile; fileRef = 80A200E02B389C92004B3F82 /* ConstructorImageCell.swift */; };
		80A200E32B389C98004B3F82 /* ConstructorInfoDetailCell.swift in Sources */ = {isa = PBXBuildFile; fileRef = 80A200E22B389C98004B3F82 /* ConstructorInfoDetailCell.swift */; };
		80A200E72B389CAC004B3F82 /* ConstructorInfoView.swift in Sources */ = {isa = PBXBuildFile; fileRef = 80A200E62B389CAC004B3F82 /* ConstructorInfoView.swift */; };
		80A200F92B38A590004B3F82 /* ConstructorStandingsTable.swift in Sources */ = {isa = PBXBuildFile; fileRef = 80A200F82B38A590004B3F82 /* ConstructorStandingsTable.swift */; };
		80A200FD2B38A5AD004B3F82 /* ConstructorLastStdRepository.swift in Sources */ = {isa = PBXBuildFile; fileRef = 80A200FC2B38A5AD004B3F82 /* ConstructorLastStdRepository.swift */; };
		80A201032B38A5F2004B3F82 /* CurrentConstructorInfoVM.swift in Sources */ = {isa = PBXBuildFile; fileRef = 80A201022B38A5F2004B3F82 /* CurrentConstructorInfoVM.swift */; };
		80A201112B38A668004B3F82 /* ConstructorLastStdInfoCell.swift in Sources */ = {isa = PBXBuildFile; fileRef = 80A201102B38A667004B3F82 /* ConstructorLastStdInfoCell.swift */; };
		80A201152B38A68D004B3F82 /* ConstructorInfoTest.swift in Sources */ = {isa = PBXBuildFile; fileRef = 80A201142B38A68D004B3F82 /* ConstructorInfoTest.swift */; };
		80A201172B38A6A2004B3F82 /* SettingsVM.swift in Sources */ = {isa = PBXBuildFile; fileRef = 80A201162B38A6A2004B3F82 /* SettingsVM.swift */; };
		80A201192B38A6AB004B3F82 /* SettingsView.swift in Sources */ = {isa = PBXBuildFile; fileRef = 80A201182B38A6AB004B3F82 /* SettingsView.swift */; };
		80A2011B2B38A6E9004B3F82 /* SettingsCell.swift in Sources */ = {isa = PBXBuildFile; fileRef = 80A2011A2B38A6E9004B3F82 /* SettingsCell.swift */; };
		80A2011D2B38A6F1004B3F82 /* SupportMailView.swift in Sources */ = {isa = PBXBuildFile; fileRef = 80A2011C2B38A6F1004B3F82 /* SupportMailView.swift */; };
		80A2011F2B38A742004B3F82 /* PrivacyConditionsView.swift in Sources */ = {isa = PBXBuildFile; fileRef = 80A2011E2B38A742004B3F82 /* PrivacyConditionsView.swift */; };
		80A201212B38A74F004B3F82 /* IconSelectionView.swift in Sources */ = {isa = PBXBuildFile; fileRef = 80A201202B38A74F004B3F82 /* IconSelectionView.swift */; };
		80A201232B38A769004B3F82 /* DonationDetailsView.swift in Sources */ = {isa = PBXBuildFile; fileRef = 80A201222B38A769004B3F82 /* DonationDetailsView.swift */; };
		80C808C82B28DFAE00E99C8B /* FormulaOneAppApp.swift in Sources */ = {isa = PBXBuildFile; fileRef = 80C808C72B28DFAE00E99C8B /* FormulaOneAppApp.swift */; };
		80C808CA2B28DFAE00E99C8B /* HomeView.swift in Sources */ = {isa = PBXBuildFile; fileRef = 80C808C92B28DFAE00E99C8B /* HomeView.swift */; };
		80C808CF2B28DFAF00E99C8B /* Preview Assets.xcassets in Resources */ = {isa = PBXBuildFile; fileRef = 80C808CE2B28DFAF00E99C8B /* Preview Assets.xcassets */; };
		80C808D92B28DFB000E99C8B /* FormulaOneAppTests.swift in Sources */ = {isa = PBXBuildFile; fileRef = 80C808D82B28DFB000E99C8B /* FormulaOneAppTests.swift */; };
		80C808E32B28DFB000E99C8B /* FormulaOneAppUITests.swift in Sources */ = {isa = PBXBuildFile; fileRef = 80C808E22B28DFB000E99C8B /* FormulaOneAppUITests.swift */; };
		80C808E52B28DFB000E99C8B /* FormulaOneAppUITestsLaunchTests.swift in Sources */ = {isa = PBXBuildFile; fileRef = 80C808E42B28DFB000E99C8B /* FormulaOneAppUITestsLaunchTests.swift */; };
		80C809282B28F3AA00E99C8B /* CurrentSeasonDTO.swift in Sources */ = {isa = PBXBuildFile; fileRef = 80C809272B28F3AA00E99C8B /* CurrentSeasonDTO.swift */; };
		80C8092A2B28F3D300E99C8B /* CurrentRaceTable.swift in Sources */ = {isa = PBXBuildFile; fileRef = 80C809292B28F3D300E99C8B /* CurrentRaceTable.swift */; };
		80C8092C2B28F41600E99C8B /* NWInterface.swift in Sources */ = {isa = PBXBuildFile; fileRef = 80C8092B2B28F41600E99C8B /* NWInterface.swift */; };
		80C8092E2B28F49F00E99C8B /* DateFormattedExt.swift in Sources */ = {isa = PBXBuildFile; fileRef = 80C8092D2B28F49F00E99C8B /* DateFormattedExt.swift */; };
		80C809302B28F4C400E99C8B /* URLSessionExt.swift in Sources */ = {isa = PBXBuildFile; fileRef = 80C8092F2B28F4C400E99C8B /* URLSessionExt.swift */; };
		80C809322B28F52D00E99C8B /* URLRequestExt.swift in Sources */ = {isa = PBXBuildFile; fileRef = 80C809312B28F52D00E99C8B /* URLRequestExt.swift */; };
		80C809342B28F55900E99C8B /* JSONDecoder.swift in Sources */ = {isa = PBXBuildFile; fileRef = 80C809332B28F55900E99C8B /* JSONDecoder.swift */; };
		80C809362B28F5D500E99C8B /* PageModel.swift in Sources */ = {isa = PBXBuildFile; fileRef = 80C809352B28F5D400E99C8B /* PageModel.swift */; };
		80C809382B28F6CE00E99C8B /* PageView.swift in Sources */ = {isa = PBXBuildFile; fileRef = 80C809372B28F6CE00E99C8B /* PageView.swift */; };
		80C8093A2B28F6F700E99C8B /* PagerView.swift in Sources */ = {isa = PBXBuildFile; fileRef = 80C809392B28F6F700E99C8B /* PagerView.swift */; };
		80C8093C2B28FB1700E99C8B /* CurrentRaceTableRepository.swift in Sources */ = {isa = PBXBuildFile; fileRef = 80C8093B2B28FB1700E99C8B /* CurrentRaceTableRepository.swift */; };
		80C8093E2B28FB3400E99C8B /* CurrentRaceTableVM.swift in Sources */ = {isa = PBXBuildFile; fileRef = 80C8093D2B28FB3400E99C8B /* CurrentRaceTableVM.swift */; };
		80C809402B28FB6000E99C8B /* NextRaceCell.swift in Sources */ = {isa = PBXBuildFile; fileRef = 80C8093F2B28FB6000E99C8B /* NextRaceCell.swift */; };
		80C809422B28FB9400E99C8B /* CurrentSeasonTest.json in Resources */ = {isa = PBXBuildFile; fileRef = 80C809412B28FB9400E99C8B /* CurrentSeasonTest.json */; };
		80C809442B28FBBD00E99C8B /* CurrentSeasonRepoTest.swift in Sources */ = {isa = PBXBuildFile; fileRef = 80C809432B28FBBD00E99C8B /* CurrentSeasonRepoTest.swift */; };
		80C809462B28FC0B00E99C8B /* CurrentSeasonCell.swift in Sources */ = {isa = PBXBuildFile; fileRef = 80C809452B28FC0B00E99C8B /* CurrentSeasonCell.swift */; };
		80C809482B28FC7F00E99C8B /* CurrentCircuitCell.swift in Sources */ = {isa = PBXBuildFile; fileRef = 80C809472B28FC7F00E99C8B /* CurrentCircuitCell.swift */; };
		80C8094A2B28FCA500E99C8B /* WeekendScheduleSmallCell.swift in Sources */ = {isa = PBXBuildFile; fileRef = 80C809492B28FCA500E99C8B /* WeekendScheduleSmallCell.swift */; };
		80C8094C2B28FCD100E99C8B /* WeekendScheduleBigCell.swift in Sources */ = {isa = PBXBuildFile; fileRef = 80C8094B2B28FCD100E99C8B /* WeekendScheduleBigCell.swift */; };
		80C8094E2B28FCF400E99C8B /* NextRacesView.swift in Sources */ = {isa = PBXBuildFile; fileRef = 80C8094D2B28FCF400E99C8B /* NextRacesView.swift */; };
		80C809502B28FD1800E99C8B /* NextRaceDetailView.swift in Sources */ = {isa = PBXBuildFile; fileRef = 80C8094F2B28FD1800E99C8B /* NextRaceDetailView.swift */; };
		80C809522B29019F00E99C8B /* Asseets.xcassets in Resources */ = {isa = PBXBuildFile; fileRef = 80C809512B29019F00E99C8B /* Asseets.xcassets */; };
/* End PBXBuildFile section */

/* Begin PBXContainerItemProxy section */
		80C808D52B28DFB000E99C8B /* PBXContainerItemProxy */ = {
			isa = PBXContainerItemProxy;
			containerPortal = 80C808BC2B28DFAE00E99C8B /* Project object */;
			proxyType = 1;
			remoteGlobalIDString = 80C808C32B28DFAE00E99C8B;
			remoteInfo = FormulaOneApp;
		};
		80C808DF2B28DFB000E99C8B /* PBXContainerItemProxy */ = {
			isa = PBXContainerItemProxy;
			containerPortal = 80C808BC2B28DFAE00E99C8B /* Project object */;
			proxyType = 1;
			remoteGlobalIDString = 80C808C32B28DFAE00E99C8B;
			remoteInfo = FormulaOneApp;
		};
/* End PBXContainerItemProxy section */

/* Begin PBXFileReference section */
		808EE5892B310E810026C9E4 /* CurrentSeasonDemoData.json */ = {isa = PBXFileReference; lastKnownFileType = text.json; path = CurrentSeasonDemoData.json; sourceTree = "<group>"; };
		80A200902B3778E4004B3F82 /* CurrentResultsRaceTableDTO.swift */ = {isa = PBXFileReference; lastKnownFileType = sourcecode.swift; path = CurrentResultsRaceTableDTO.swift; sourceTree = "<group>"; };
		80A200922B37790A004B3F82 /* CurrentResultsRaceTable.swift */ = {isa = PBXFileReference; lastKnownFileType = sourcecode.swift; path = CurrentResultsRaceTable.swift; sourceTree = "<group>"; };
		80A200942B377AD7004B3F82 /* RaceResultsRepository.swift */ = {isa = PBXFileReference; lastKnownFileType = sourcecode.swift; path = RaceResultsRepository.swift; sourceTree = "<group>"; };
		80A200962B377AF4004B3F82 /* RaceResultsVM.swift */ = {isa = PBXFileReference; lastKnownFileType = sourcecode.swift; path = RaceResultsVM.swift; sourceTree = "<group>"; };
		80A200982B377B15004B3F82 /* RaceCell.swift */ = {isa = PBXFileReference; lastKnownFileType = sourcecode.swift; path = RaceCell.swift; sourceTree = "<group>"; };
		80A2009A2B377B3F004B3F82 /* DriverResultCell.swift */ = {isa = PBXFileReference; lastKnownFileType = sourcecode.swift; path = DriverResultCell.swift; sourceTree = "<group>"; };
		80A2009C2B377B5D004B3F82 /* RoundCircuitCell.swift */ = {isa = PBXFileReference; lastKnownFileType = sourcecode.swift; path = RoundCircuitCell.swift; sourceTree = "<group>"; };
		80A2009E2B377BAD004B3F82 /* RacesResultsTest.json */ = {isa = PBXFileReference; lastKnownFileType = text.json; path = RacesResultsTest.json; sourceTree = "<group>"; };
		80A200A02B377BD0004B3F82 /* RacesResultsRepoTest.swift */ = {isa = PBXFileReference; lastKnownFileType = sourcecode.swift; path = RacesResultsRepoTest.swift; sourceTree = "<group>"; };
		80A200A22B377C1B004B3F82 /* RaceResultView.swift */ = {isa = PBXFileReference; lastKnownFileType = sourcecode.swift; path = RaceResultView.swift; sourceTree = "<group>"; };
		80A200A42B377C43004B3F82 /* RaceResultDetailView.swift */ = {isa = PBXFileReference; lastKnownFileType = sourcecode.swift; path = RaceResultDetailView.swift; sourceTree = "<group>"; };
		80A200A82B3780C4004B3F82 /* CurrentDriverInformationDTO.swift */ = {isa = PBXFileReference; lastKnownFileType = sourcecode.swift; path = CurrentDriverInformationDTO.swift; sourceTree = "<group>"; };
		80A200AA2B3780E3004B3F82 /* CurrentDriverLastStandingsDTO.swift */ = {isa = PBXFileReference; lastKnownFileType = sourcecode.swift; path = CurrentDriverLastStandingsDTO.swift; sourceTree = "<group>"; };
		80A200AC2B3780FF004B3F82 /* CurrentDriverInfoTable.swift */ = {isa = PBXFileReference; lastKnownFileType = sourcecode.swift; path = CurrentDriverInfoTable.swift; sourceTree = "<group>"; };
		80A200AE2B378122004B3F82 /* DriverLastStandingsTable.swift */ = {isa = PBXFileReference; lastKnownFileType = sourcecode.swift; path = DriverLastStandingsTable.swift; sourceTree = "<group>"; };
		80A200B02B378163004B3F82 /* CurrentDriverInfoRepository.swift */ = {isa = PBXFileReference; lastKnownFileType = sourcecode.swift; path = CurrentDriverInfoRepository.swift; sourceTree = "<group>"; };
		80A200B22B378192004B3F82 /* CurrentDriverInfoTest.json */ = {isa = PBXFileReference; lastKnownFileType = text.json; path = CurrentDriverInfoTest.json; sourceTree = "<group>"; };
		80A200B42B3781B5004B3F82 /* CurrentDriverInfoRepoTest.swift */ = {isa = PBXFileReference; lastKnownFileType = sourcecode.swift; path = CurrentDriverInfoRepoTest.swift; sourceTree = "<group>"; };
		80A200B62B3781D9004B3F82 /* CurrentDriverInfoVM.swift */ = {isa = PBXFileReference; lastKnownFileType = sourcecode.swift; path = CurrentDriverInfoVM.swift; sourceTree = "<group>"; };
		80A200B82B3782C6004B3F82 /* DriverLastStdRepository.swift */ = {isa = PBXFileReference; lastKnownFileType = sourcecode.swift; path = DriverLastStdRepository.swift; sourceTree = "<group>"; };
		80A200BA2B378302004B3F82 /* DriverInfoCell.swift */ = {isa = PBXFileReference; lastKnownFileType = sourcecode.swift; path = DriverInfoCell.swift; sourceTree = "<group>"; };
		80A200BC2B378326004B3F82 /* DriversImageGridCell.swift */ = {isa = PBXFileReference; lastKnownFileType = sourcecode.swift; path = DriversImageGridCell.swift; sourceTree = "<group>"; };
		80A200BE2B378357004B3F82 /* DriverInfoImageCell.swift */ = {isa = PBXFileReference; lastKnownFileType = sourcecode.swift; path = DriverInfoImageCell.swift; sourceTree = "<group>"; };
		80A200C02B37837A004B3F82 /* DriverInfoDetailCell.swift */ = {isa = PBXFileReference; lastKnownFileType = sourcecode.swift; path = DriverInfoDetailCell.swift; sourceTree = "<group>"; };
		80A200C22B378395004B3F82 /* DriverLastStdCell.swift */ = {isa = PBXFileReference; lastKnownFileType = sourcecode.swift; path = DriverLastStdCell.swift; sourceTree = "<group>"; };
		80A200C42B3783BA004B3F82 /* DriverInfoDetailView.swift */ = {isa = PBXFileReference; lastKnownFileType = sourcecode.swift; path = DriverInfoDetailView.swift; sourceTree = "<group>"; };
		80A200C62B3783D4004B3F82 /* DriverInfoView.swift */ = {isa = PBXFileReference; lastKnownFileType = sourcecode.swift; path = DriverInfoView.swift; sourceTree = "<group>"; };
		80A200C82B3898DC004B3F82 /* CurrentConstructorInfoDTO.swift */ = {isa = PBXFileReference; lastKnownFileType = sourcecode.swift; path = CurrentConstructorInfoDTO.swift; sourceTree = "<group>"; };
		80A200CA2B389967004B3F82 /* CurrentConstructorLastStandingsDTO.swift */ = {isa = PBXFileReference; lastKnownFileType = sourcecode.swift; path = CurrentConstructorLastStandingsDTO.swift; sourceTree = "<group>"; };
		80A200CC2B38998D004B3F82 /* CurrentConstructorTable.swift */ = {isa = PBXFileReference; lastKnownFileType = sourcecode.swift; path = CurrentConstructorTable.swift; sourceTree = "<group>"; };
		80A200D02B389BF8004B3F82 /* CurrentConstructorTest.json */ = {isa = PBXFileReference; fileEncoding = 4; lastKnownFileType = text.json; path = CurrentConstructorTest.json; sourceTree = "<group>"; };
		80A200D22B389C0B004B3F82 /* CurrentConstructorRepository.swift */ = {isa = PBXFileReference; fileEncoding = 4; lastKnownFileType = sourcecode.swift; path = CurrentConstructorRepository.swift; sourceTree = "<group>"; };
		80A200DA2B389C6B004B3F82 /* ConstructorInfoDetailView.swift */ = {isa = PBXFileReference; fileEncoding = 4; lastKnownFileType = sourcecode.swift; path = ConstructorInfoDetailView.swift; sourceTree = "<group>"; };
		80A200DC2B389C7F004B3F82 /* ConstructorImageGridCell.swift */ = {isa = PBXFileReference; fileEncoding = 4; lastKnownFileType = sourcecode.swift; path = ConstructorImageGridCell.swift; sourceTree = "<group>"; };
		80A200DE2B389C89004B3F82 /* ConstructorInfoCell.swift */ = {isa = PBXFileReference; fileEncoding = 4; lastKnownFileType = sourcecode.swift; path = ConstructorInfoCell.swift; sourceTree = "<group>"; };
		80A200E02B389C92004B3F82 /* ConstructorImageCell.swift */ = {isa = PBXFileReference; fileEncoding = 4; lastKnownFileType = sourcecode.swift; path = ConstructorImageCell.swift; sourceTree = "<group>"; };
		80A200E22B389C98004B3F82 /* ConstructorInfoDetailCell.swift */ = {isa = PBXFileReference; fileEncoding = 4; lastKnownFileType = sourcecode.swift; path = ConstructorInfoDetailCell.swift; sourceTree = "<group>"; };
		80A200E62B389CAC004B3F82 /* ConstructorInfoView.swift */ = {isa = PBXFileReference; fileEncoding = 4; lastKnownFileType = sourcecode.swift; path = ConstructorInfoView.swift; sourceTree = "<group>"; };
		80A200F82B38A590004B3F82 /* ConstructorStandingsTable.swift */ = {isa = PBXFileReference; fileEncoding = 4; lastKnownFileType = sourcecode.swift; path = ConstructorStandingsTable.swift; sourceTree = "<group>"; };
		80A200FC2B38A5AD004B3F82 /* ConstructorLastStdRepository.swift */ = {isa = PBXFileReference; fileEncoding = 4; lastKnownFileType = sourcecode.swift; path = ConstructorLastStdRepository.swift; sourceTree = "<group>"; };
		80A201022B38A5F2004B3F82 /* CurrentConstructorInfoVM.swift */ = {isa = PBXFileReference; fileEncoding = 4; lastKnownFileType = sourcecode.swift; path = CurrentConstructorInfoVM.swift; sourceTree = "<group>"; };
		80A201102B38A667004B3F82 /* ConstructorLastStdInfoCell.swift */ = {isa = PBXFileReference; fileEncoding = 4; lastKnownFileType = sourcecode.swift; path = ConstructorLastStdInfoCell.swift; sourceTree = "<group>"; };
		80A201142B38A68D004B3F82 /* ConstructorInfoTest.swift */ = {isa = PBXFileReference; fileEncoding = 4; lastKnownFileType = sourcecode.swift; path = ConstructorInfoTest.swift; sourceTree = "<group>"; };
		80A201162B38A6A2004B3F82 /* SettingsVM.swift */ = {isa = PBXFileReference; fileEncoding = 4; lastKnownFileType = sourcecode.swift; path = SettingsVM.swift; sourceTree = "<group>"; };
		80A201182B38A6AB004B3F82 /* SettingsView.swift */ = {isa = PBXFileReference; fileEncoding = 4; lastKnownFileType = sourcecode.swift; path = SettingsView.swift; sourceTree = "<group>"; };
		80A2011A2B38A6E9004B3F82 /* SettingsCell.swift */ = {isa = PBXFileReference; fileEncoding = 4; lastKnownFileType = sourcecode.swift; path = SettingsCell.swift; sourceTree = "<group>"; };
		80A2011C2B38A6F1004B3F82 /* SupportMailView.swift */ = {isa = PBXFileReference; fileEncoding = 4; lastKnownFileType = sourcecode.swift; path = SupportMailView.swift; sourceTree = "<group>"; };
		80A2011E2B38A742004B3F82 /* PrivacyConditionsView.swift */ = {isa = PBXFileReference; fileEncoding = 4; lastKnownFileType = sourcecode.swift; path = PrivacyConditionsView.swift; sourceTree = "<group>"; };
		80A201202B38A74F004B3F82 /* IconSelectionView.swift */ = {isa = PBXFileReference; fileEncoding = 4; lastKnownFileType = sourcecode.swift; path = IconSelectionView.swift; sourceTree = "<group>"; };
		80A201222B38A769004B3F82 /* DonationDetailsView.swift */ = {isa = PBXFileReference; fileEncoding = 4; lastKnownFileType = sourcecode.swift; path = DonationDetailsView.swift; sourceTree = "<group>"; };
		80C808C42B28DFAE00E99C8B /* FormulaOneApp.app */ = {isa = PBXFileReference; explicitFileType = wrapper.application; includeInIndex = 0; path = FormulaOneApp.app; sourceTree = BUILT_PRODUCTS_DIR; };
		80C808C72B28DFAE00E99C8B /* FormulaOneAppApp.swift */ = {isa = PBXFileReference; lastKnownFileType = sourcecode.swift; path = FormulaOneAppApp.swift; sourceTree = "<group>"; };
		80C808C92B28DFAE00E99C8B /* HomeView.swift */ = {isa = PBXFileReference; lastKnownFileType = sourcecode.swift; path = HomeView.swift; sourceTree = "<group>"; };
		80C808CE2B28DFAF00E99C8B /* Preview Assets.xcassets */ = {isa = PBXFileReference; lastKnownFileType = folder.assetcatalog; path = "Preview Assets.xcassets"; sourceTree = "<group>"; };
		80C808D42B28DFB000E99C8B /* FormulaOneAppTests.xctest */ = {isa = PBXFileReference; explicitFileType = wrapper.cfbundle; includeInIndex = 0; path = FormulaOneAppTests.xctest; sourceTree = BUILT_PRODUCTS_DIR; };
		80C808D82B28DFB000E99C8B /* FormulaOneAppTests.swift */ = {isa = PBXFileReference; lastKnownFileType = sourcecode.swift; path = FormulaOneAppTests.swift; sourceTree = "<group>"; };
		80C808DE2B28DFB000E99C8B /* FormulaOneAppUITests.xctest */ = {isa = PBXFileReference; explicitFileType = wrapper.cfbundle; includeInIndex = 0; path = FormulaOneAppUITests.xctest; sourceTree = BUILT_PRODUCTS_DIR; };
		80C808E22B28DFB000E99C8B /* FormulaOneAppUITests.swift */ = {isa = PBXFileReference; lastKnownFileType = sourcecode.swift; path = FormulaOneAppUITests.swift; sourceTree = "<group>"; };
		80C808E42B28DFB000E99C8B /* FormulaOneAppUITestsLaunchTests.swift */ = {isa = PBXFileReference; lastKnownFileType = sourcecode.swift; path = FormulaOneAppUITestsLaunchTests.swift; sourceTree = "<group>"; };
		80C809272B28F3AA00E99C8B /* CurrentSeasonDTO.swift */ = {isa = PBXFileReference; lastKnownFileType = sourcecode.swift; path = CurrentSeasonDTO.swift; sourceTree = "<group>"; };
		80C809292B28F3D300E99C8B /* CurrentRaceTable.swift */ = {isa = PBXFileReference; lastKnownFileType = sourcecode.swift; path = CurrentRaceTable.swift; sourceTree = "<group>"; };
		80C8092B2B28F41600E99C8B /* NWInterface.swift */ = {isa = PBXFileReference; lastKnownFileType = sourcecode.swift; path = NWInterface.swift; sourceTree = "<group>"; };
		80C8092D2B28F49F00E99C8B /* DateFormattedExt.swift */ = {isa = PBXFileReference; lastKnownFileType = sourcecode.swift; path = DateFormattedExt.swift; sourceTree = "<group>"; };
		80C8092F2B28F4C400E99C8B /* URLSessionExt.swift */ = {isa = PBXFileReference; lastKnownFileType = sourcecode.swift; path = URLSessionExt.swift; sourceTree = "<group>"; };
		80C809312B28F52D00E99C8B /* URLRequestExt.swift */ = {isa = PBXFileReference; lastKnownFileType = sourcecode.swift; path = URLRequestExt.swift; sourceTree = "<group>"; };
		80C809332B28F55900E99C8B /* JSONDecoder.swift */ = {isa = PBXFileReference; lastKnownFileType = sourcecode.swift; path = JSONDecoder.swift; sourceTree = "<group>"; };
		80C809352B28F5D400E99C8B /* PageModel.swift */ = {isa = PBXFileReference; lastKnownFileType = sourcecode.swift; path = PageModel.swift; sourceTree = "<group>"; };
		80C809372B28F6CE00E99C8B /* PageView.swift */ = {isa = PBXFileReference; lastKnownFileType = sourcecode.swift; path = PageView.swift; sourceTree = "<group>"; };
		80C809392B28F6F700E99C8B /* PagerView.swift */ = {isa = PBXFileReference; lastKnownFileType = sourcecode.swift; path = PagerView.swift; sourceTree = "<group>"; };
		80C8093B2B28FB1700E99C8B /* CurrentRaceTableRepository.swift */ = {isa = PBXFileReference; lastKnownFileType = sourcecode.swift; path = CurrentRaceTableRepository.swift; sourceTree = "<group>"; };
		80C8093D2B28FB3400E99C8B /* CurrentRaceTableVM.swift */ = {isa = PBXFileReference; lastKnownFileType = sourcecode.swift; path = CurrentRaceTableVM.swift; sourceTree = "<group>"; };
		80C8093F2B28FB6000E99C8B /* NextRaceCell.swift */ = {isa = PBXFileReference; lastKnownFileType = sourcecode.swift; path = NextRaceCell.swift; sourceTree = "<group>"; };
		80C809412B28FB9400E99C8B /* CurrentSeasonTest.json */ = {isa = PBXFileReference; lastKnownFileType = text.json; path = CurrentSeasonTest.json; sourceTree = "<group>"; };
		80C809432B28FBBD00E99C8B /* CurrentSeasonRepoTest.swift */ = {isa = PBXFileReference; lastKnownFileType = sourcecode.swift; path = CurrentSeasonRepoTest.swift; sourceTree = "<group>"; };
		80C809452B28FC0B00E99C8B /* CurrentSeasonCell.swift */ = {isa = PBXFileReference; lastKnownFileType = sourcecode.swift; path = CurrentSeasonCell.swift; sourceTree = "<group>"; };
		80C809472B28FC7F00E99C8B /* CurrentCircuitCell.swift */ = {isa = PBXFileReference; lastKnownFileType = sourcecode.swift; path = CurrentCircuitCell.swift; sourceTree = "<group>"; };
		80C809492B28FCA500E99C8B /* WeekendScheduleSmallCell.swift */ = {isa = PBXFileReference; lastKnownFileType = sourcecode.swift; path = WeekendScheduleSmallCell.swift; sourceTree = "<group>"; };
		80C8094B2B28FCD100E99C8B /* WeekendScheduleBigCell.swift */ = {isa = PBXFileReference; lastKnownFileType = sourcecode.swift; path = WeekendScheduleBigCell.swift; sourceTree = "<group>"; };
		80C8094D2B28FCF400E99C8B /* NextRacesView.swift */ = {isa = PBXFileReference; lastKnownFileType = sourcecode.swift; path = NextRacesView.swift; sourceTree = "<group>"; };
		80C8094F2B28FD1800E99C8B /* NextRaceDetailView.swift */ = {isa = PBXFileReference; lastKnownFileType = sourcecode.swift; path = NextRaceDetailView.swift; sourceTree = "<group>"; };
		80C809512B29019F00E99C8B /* Asseets.xcassets */ = {isa = PBXFileReference; lastKnownFileType = folder.assetcatalog; path = Asseets.xcassets; sourceTree = "<group>"; };
/* End PBXFileReference section */

/* Begin PBXFrameworksBuildPhase section */
		80C808C12B28DFAE00E99C8B /* Frameworks */ = {
			isa = PBXFrameworksBuildPhase;
			buildActionMask = 2147483647;
			files = (
			);
			runOnlyForDeploymentPostprocessing = 0;
		};
		80C808D12B28DFB000E99C8B /* Frameworks */ = {
			isa = PBXFrameworksBuildPhase;
			buildActionMask = 2147483647;
			files = (
			);
			runOnlyForDeploymentPostprocessing = 0;
		};
		80C808DB2B28DFB000E99C8B /* Frameworks */ = {
			isa = PBXFrameworksBuildPhase;
			buildActionMask = 2147483647;
			files = (
			);
			runOnlyForDeploymentPostprocessing = 0;
		};
/* End PBXFrameworksBuildPhase section */

/* Begin PBXGroup section */
		80C808BB2B28DFAE00E99C8B = {
			isa = PBXGroup;
			children = (
				80C808C62B28DFAE00E99C8B /* FormulaOneApp */,
				80C808D72B28DFB000E99C8B /* FormulaOneAppTests */,
				80C808E12B28DFB000E99C8B /* FormulaOneAppUITests */,
				80C808C52B28DFAE00E99C8B /* Products */,
			);
			sourceTree = "<group>";
		};
		80C808C52B28DFAE00E99C8B /* Products */ = {
			isa = PBXGroup;
			children = (
				80C808C42B28DFAE00E99C8B /* FormulaOneApp.app */,
				80C808D42B28DFB000E99C8B /* FormulaOneAppTests.xctest */,
				80C808DE2B28DFB000E99C8B /* FormulaOneAppUITests.xctest */,
			);
			name = Products;
			sourceTree = "<group>";
		};
		80C808C62B28DFAE00E99C8B /* FormulaOneApp */ = {
			isa = PBXGroup;
			children = (
				80C808F42B28E82E00E99C8B /* Networks */,
				80C808F32B28E81500E99C8B /* Modules */,
				80C808F22B28E7FE00E99C8B /* System */,
				80C808F12B28E7E100E99C8B /* Resources */,
				80C808CD2B28DFAF00E99C8B /* Preview Content */,
			);
			path = FormulaOneApp;
			sourceTree = "<group>";
		};
		80C808CD2B28DFAF00E99C8B /* Preview Content */ = {
			isa = PBXGroup;
			children = (
				80C809262B28EBA000E99C8B /* CurrentNextRacesTest */,
				80C809252B28EB8F00E99C8B /* CurrentResultsTest */,
				80C809242B28EB7C00E99C8B /* CurrentDriversTest */,
				80C809232B28EB2000E99C8B /* CurrentConstructorsTest */,
				80C809222B28EAF800E99C8B /* HistoryAllSeasonsTest */,
				80C808CE2B28DFAF00E99C8B /* Preview Assets.xcassets */,
			);
			path = "Preview Content";
			sourceTree = "<group>";
		};
		80C808D72B28DFB000E99C8B /* FormulaOneAppTests */ = {
			isa = PBXGroup;
			children = (
				80C808D82B28DFB000E99C8B /* FormulaOneAppTests.swift */,
			);
			path = FormulaOneAppTests;
			sourceTree = "<group>";
		};
		80C808E12B28DFB000E99C8B /* FormulaOneAppUITests */ = {
			isa = PBXGroup;
			children = (
				80C808E22B28DFB000E99C8B /* FormulaOneAppUITests.swift */,
				80C808E42B28DFB000E99C8B /* FormulaOneAppUITestsLaunchTests.swift */,
			);
			path = FormulaOneAppUITests;
			sourceTree = "<group>";
		};
		80C808F12B28E7E100E99C8B /* Resources */ = {
			isa = PBXGroup;
			children = (
				80C809512B29019F00E99C8B /* Asseets.xcassets */,
			);
			name = Resources;
			sourceTree = "<group>";
		};
		80C808F22B28E7FE00E99C8B /* System */ = {
			isa = PBXGroup;
			children = (
				80C808C72B28DFAE00E99C8B /* FormulaOneAppApp.swift */,
			);
			name = System;
			sourceTree = "<group>";
		};
		80C808F32B28E81500E99C8B /* Modules */ = {
			isa = PBXGroup;
			children = (
				80C808FD2B28E8D800E99C8B /* WellcomScreen */,
				80C808FC2B28E8CA00E99C8B /* Home */,
				80C808C92B28DFAE00E99C8B /* HomeView.swift */,
				80C808FB2B28E8BD00E99C8B /* CurrentNextRaces */,
				80C808FA2B28E8B200E99C8B /* CurrentResults */,
				80C808F92B28E8A700E99C8B /* CurrentDrivers */,
				80C808F82B28E89D00E99C8B /* CurrentConstructors */,
				80C808F72B28E89000E99C8B /* Settings */,
				80C808F62B28E87200E99C8B /* HistoryAllSeasons */,
			);
			name = Modules;
			sourceTree = "<group>";
		};
		80C808F42B28E82E00E99C8B /* Networks */ = {
			isa = PBXGroup;
			children = (
				80C8092B2B28F41600E99C8B /* NWInterface.swift */,
				80C808F52B28E85000E99C8B /* Helpers */,
			);
			name = Networks;
			sourceTree = "<group>";
		};
		80C808F52B28E85000E99C8B /* Helpers */ = {
			isa = PBXGroup;
			children = (
				80C8092F2B28F4C400E99C8B /* URLSessionExt.swift */,
				80C809312B28F52D00E99C8B /* URLRequestExt.swift */,
				80C809332B28F55900E99C8B /* JSONDecoder.swift */,
				80C8092D2B28F49F00E99C8B /* DateFormattedExt.swift */,
			);
			name = Helpers;
			sourceTree = "<group>";
		};
		80C808F62B28E87200E99C8B /* HistoryAllSeasons */ = {
			isa = PBXGroup;
			children = (
				80C809152B28EA2900E99C8B /* Models */,
				80C809142B28EA0900E99C8B /* Repository */,
				80C809132B28E9FF00E99C8B /* ViewModel */,
				80C809122B28E9F600E99C8B /* Views */,
			);
			name = HistoryAllSeasons;
			sourceTree = "<group>";
		};
		80C808F72B28E89000E99C8B /* Settings */ = {
			isa = PBXGroup;
			children = (
				80C809112B28E9EB00E99C8B /* ViewModel */,
				80C809102B28E9E300E99C8B /* View */,
			);
			name = Settings;
			sourceTree = "<group>";
		};
		80C808F82B28E89D00E99C8B /* CurrentConstructors */ = {
			isa = PBXGroup;
			children = (
				80C8090F2B28E9C300E99C8B /* Models */,
				80C8090E2B28E9B800E99C8B /* Repository */,
				80C8090D2B28E9AF00E99C8B /* ViewModel */,
				80C8090C2B28E9A800E99C8B /* Views */,
			);
			name = CurrentConstructors;
			sourceTree = "<group>";
		};
		80C808F92B28E8A700E99C8B /* CurrentDrivers */ = {
			isa = PBXGroup;
			children = (
				80C8090B2B28E99E00E99C8B /* Models */,
				80C8090A2B28E99400E99C8B /* Repository */,
				80C809092B28E98B00E99C8B /* ViewModel */,
				80C809082B28E98400E99C8B /* Views */,
			);
			name = CurrentDrivers;
			sourceTree = "<group>";
		};
		80C808FA2B28E8B200E99C8B /* CurrentResults */ = {
			isa = PBXGroup;
			children = (
				80C809072B28E97300E99C8B /* Models */,
				80C809062B28E96600E99C8B /* Repositoty */,
				80C809052B28E95C00E99C8B /* ViewModel */,
				80C809042B28E95400E99C8B /* Views */,
			);
			name = CurrentResults;
			sourceTree = "<group>";
		};
		80C808FB2B28E8BD00E99C8B /* CurrentNextRaces */ = {
			isa = PBXGroup;
			children = (
				808EE5892B310E810026C9E4 /* CurrentSeasonDemoData.json */,
				80C809032B28E94900E99C8B /* Models */,
				80C809022B28E93F00E99C8B /* Repository */,
				80C809012B28E93400E99C8B /* ViewModel */,
				80C809002B28E91C00E99C8B /* Views */,
			);
			name = CurrentNextRaces;
			sourceTree = "<group>";
		};
		80C808FC2B28E8CA00E99C8B /* Home */ = {
			isa = PBXGroup;
			children = (
			);
			name = Home;
			sourceTree = "<group>";
		};
		80C808FD2B28E8D800E99C8B /* WellcomScreen */ = {
			isa = PBXGroup;
			children = (
				80C808FE2B28E8F200E99C8B /* Model */,
				80C808FF2B28E90300E99C8B /* View */,
			);
			name = WellcomScreen;
			sourceTree = "<group>";
		};
		80C808FE2B28E8F200E99C8B /* Model */ = {
			isa = PBXGroup;
			children = (
				80C809352B28F5D400E99C8B /* PageModel.swift */,
			);
			name = Model;
			sourceTree = "<group>";
		};
		80C808FF2B28E90300E99C8B /* View */ = {
			isa = PBXGroup;
			children = (
				80C809392B28F6F700E99C8B /* PagerView.swift */,
				80C809372B28F6CE00E99C8B /* PageView.swift */,
			);
			name = View;
			sourceTree = "<group>";
		};
		80C809002B28E91C00E99C8B /* Views */ = {
			isa = PBXGroup;
			children = (
				80C8094D2B28FCF400E99C8B /* NextRacesView.swift */,
				80C8094F2B28FD1800E99C8B /* NextRaceDetailView.swift */,
				80C8091F2B28EAC300E99C8B /* Components */,
			);
			name = Views;
			sourceTree = "<group>";
		};
		80C809012B28E93400E99C8B /* ViewModel */ = {
			isa = PBXGroup;
			children = (
				80C8093D2B28FB3400E99C8B /* CurrentRaceTableVM.swift */,
			);
			name = ViewModel;
			sourceTree = "<group>";
		};
		80C809022B28E93F00E99C8B /* Repository */ = {
			isa = PBXGroup;
			children = (
				80C8093B2B28FB1700E99C8B /* CurrentRaceTableRepository.swift */,
			);
			name = Repository;
			sourceTree = "<group>";
		};
		80C809032B28E94900E99C8B /* Models */ = {
			isa = PBXGroup;
			children = (
				80C809202B28EACD00E99C8B /* ModelDTO */,
				80C809292B28F3D300E99C8B /* CurrentRaceTable.swift */,
			);
			name = Models;
			sourceTree = "<group>";
		};
		80C809042B28E95400E99C8B /* Views */ = {
			isa = PBXGroup;
			children = (
				80A200A22B377C1B004B3F82 /* RaceResultView.swift */,
				80A200A42B377C43004B3F82 /* RaceResultDetailView.swift */,
				80C8091D2B28EAAB00E99C8B /* Components */,
			);
			name = Views;
			sourceTree = "<group>";
		};
		80C809052B28E95C00E99C8B /* ViewModel */ = {
			isa = PBXGroup;
			children = (
				80A200962B377AF4004B3F82 /* RaceResultsVM.swift */,
			);
			name = ViewModel;
			sourceTree = "<group>";
		};
		80C809062B28E96600E99C8B /* Repositoty */ = {
			isa = PBXGroup;
			children = (
				80A200942B377AD7004B3F82 /* RaceResultsRepository.swift */,
			);
			name = Repositoty;
			sourceTree = "<group>";
		};
		80C809072B28E97300E99C8B /* Models */ = {
			isa = PBXGroup;
			children = (
				80C8091E2B28EAB600E99C8B /* ModelDTO */,
				80A200922B37790A004B3F82 /* CurrentResultsRaceTable.swift */,
			);
			name = Models;
			sourceTree = "<group>";
		};
		80C809082B28E98400E99C8B /* Views */ = {
			isa = PBXGroup;
			children = (
				80A200C62B3783D4004B3F82 /* DriverInfoView.swift */,
				80A200C42B3783BA004B3F82 /* DriverInfoDetailView.swift */,
				80C8091B2B28EA8E00E99C8B /* Components */,
			);
			name = Views;
			sourceTree = "<group>";
		};
		80C809092B28E98B00E99C8B /* ViewModel */ = {
			isa = PBXGroup;
			children = (
				80A200B62B3781D9004B3F82 /* CurrentDriverInfoVM.swift */,
			);
			name = ViewModel;
			sourceTree = "<group>";
		};
		80C8090A2B28E99400E99C8B /* Repository */ = {
			isa = PBXGroup;
			children = (
				80A200B02B378163004B3F82 /* CurrentDriverInfoRepository.swift */,
				80A200B82B3782C6004B3F82 /* DriverLastStdRepository.swift */,
			);
			name = Repository;
			sourceTree = "<group>";
		};
		80C8090B2B28E99E00E99C8B /* Models */ = {
			isa = PBXGroup;
			children = (
				80C8091C2B28EA9900E99C8B /* ModelDTO */,
				80A200AC2B3780FF004B3F82 /* CurrentDriverInfoTable.swift */,
				80A200AE2B378122004B3F82 /* DriverLastStandingsTable.swift */,
			);
			name = Models;
			sourceTree = "<group>";
		};
		80C8090C2B28E9A800E99C8B /* Views */ = {
			isa = PBXGroup;
			children = (
				80A200E62B389CAC004B3F82 /* ConstructorInfoView.swift */,
				80A200DA2B389C6B004B3F82 /* ConstructorInfoDetailView.swift */,
				80C809192B28EA6B00E99C8B /* Components */,
			);
			name = Views;
			sourceTree = "<group>";
		};
		80C8090D2B28E9AF00E99C8B /* ViewModel */ = {
			isa = PBXGroup;
			children = (
				80A201022B38A5F2004B3F82 /* CurrentConstructorInfoVM.swift */,
			);
			name = ViewModel;
			sourceTree = "<group>";
		};
		80C8090E2B28E9B800E99C8B /* Repository */ = {
			isa = PBXGroup;
			children = (
				80A200D22B389C0B004B3F82 /* CurrentConstructorRepository.swift */,
				80A200FC2B38A5AD004B3F82 /* ConstructorLastStdRepository.swift */,
			);
			name = Repository;
			sourceTree = "<group>";
		};
		80C8090F2B28E9C300E99C8B /* Models */ = {
			isa = PBXGroup;
			children = (
				80C8091A2B28EA7700E99C8B /* ModelDTO */,
				80A200CC2B38998D004B3F82 /* CurrentConstructorTable.swift */,
				80A200F82B38A590004B3F82 /* ConstructorStandingsTable.swift */,
			);
			name = Models;
			sourceTree = "<group>";
		};
		80C809102B28E9E300E99C8B /* View */ = {
			isa = PBXGroup;
			children = (
				80A201182B38A6AB004B3F82 /* SettingsView.swift */,
				80A2011C2B38A6F1004B3F82 /* SupportMailView.swift */,
				80A2011E2B38A742004B3F82 /* PrivacyConditionsView.swift */,
				80A201202B38A74F004B3F82 /* IconSelectionView.swift */,
				80A201222B38A769004B3F82 /* DonationDetailsView.swift */,
				80C809182B28EA6100E99C8B /* Components */,
			);
			name = View;
			sourceTree = "<group>";
		};
		80C809112B28E9EB00E99C8B /* ViewModel */ = {
			isa = PBXGroup;
			children = (
				80A201162B38A6A2004B3F82 /* SettingsVM.swift */,
			);
			name = ViewModel;
			sourceTree = "<group>";
		};
		80C809122B28E9F600E99C8B /* Views */ = {
			isa = PBXGroup;
			children = (
				80C809172B28EA5600E99C8B /* Components */,
			);
			name = Views;
			sourceTree = "<group>";
		};
		80C809132B28E9FF00E99C8B /* ViewModel */ = {
			isa = PBXGroup;
			children = (
			);
			name = ViewModel;
			sourceTree = "<group>";
		};
		80C809142B28EA0900E99C8B /* Repository */ = {
			isa = PBXGroup;
			children = (
			);
			name = Repository;
			sourceTree = "<group>";
		};
		80C809152B28EA2900E99C8B /* Models */ = {
			isa = PBXGroup;
			children = (
				80C809162B28EA4800E99C8B /* ModelDTO */,
			);
			name = Models;
			sourceTree = "<group>";
		};
		80C809162B28EA4800E99C8B /* ModelDTO */ = {
			isa = PBXGroup;
			children = (
			);
			name = ModelDTO;
			sourceTree = "<group>";
		};
		80C809172B28EA5600E99C8B /* Components */ = {
			isa = PBXGroup;
			children = (
			);
			name = Components;
			sourceTree = "<group>";
		};
		80C809182B28EA6100E99C8B /* Components */ = {
			isa = PBXGroup;
			children = (
				80A2011A2B38A6E9004B3F82 /* SettingsCell.swift */,
			);
			name = Components;
			sourceTree = "<group>";
		};
		80C809192B28EA6B00E99C8B /* Components */ = {
			isa = PBXGroup;
			children = (
				80A200DC2B389C7F004B3F82 /* ConstructorImageGridCell.swift */,
				80A200DE2B389C89004B3F82 /* ConstructorInfoCell.swift */,
				80A200E02B389C92004B3F82 /* ConstructorImageCell.swift */,
				80A200E22B389C98004B3F82 /* ConstructorInfoDetailCell.swift */,
				80A201102B38A667004B3F82 /* ConstructorLastStdInfoCell.swift */,
			);
			name = Components;
			sourceTree = "<group>";
		};
		80C8091A2B28EA7700E99C8B /* ModelDTO */ = {
			isa = PBXGroup;
			children = (
				80A200C82B3898DC004B3F82 /* CurrentConstructorInfoDTO.swift */,
				80A200CA2B389967004B3F82 /* CurrentConstructorLastStandingsDTO.swift */,
			);
			name = ModelDTO;
			sourceTree = "<group>";
		};
		80C8091B2B28EA8E00E99C8B /* Components */ = {
			isa = PBXGroup;
			children = (
				80A200BA2B378302004B3F82 /* DriverInfoCell.swift */,
				80A200BC2B378326004B3F82 /* DriversImageGridCell.swift */,
				80A200BE2B378357004B3F82 /* DriverInfoImageCell.swift */,
				80A200C02B37837A004B3F82 /* DriverInfoDetailCell.swift */,
				80A200C22B378395004B3F82 /* DriverLastStdCell.swift */,
			);
			name = Components;
			sourceTree = "<group>";
		};
		80C8091C2B28EA9900E99C8B /* ModelDTO */ = {
			isa = PBXGroup;
			children = (
				80A200A82B3780C4004B3F82 /* CurrentDriverInformationDTO.swift */,
				80A200AA2B3780E3004B3F82 /* CurrentDriverLastStandingsDTO.swift */,
			);
			name = ModelDTO;
			sourceTree = "<group>";
		};
		80C8091D2B28EAAB00E99C8B /* Components */ = {
			isa = PBXGroup;
			children = (
				80A200982B377B15004B3F82 /* RaceCell.swift */,
				80A2009A2B377B3F004B3F82 /* DriverResultCell.swift */,
				80A2009C2B377B5D004B3F82 /* RoundCircuitCell.swift */,
			);
			name = Components;
			sourceTree = "<group>";
		};
		80C8091E2B28EAB600E99C8B /* ModelDTO */ = {
			isa = PBXGroup;
			children = (
				80A200902B3778E4004B3F82 /* CurrentResultsRaceTableDTO.swift */,
			);
			name = ModelDTO;
			sourceTree = "<group>";
		};
		80C8091F2B28EAC300E99C8B /* Components */ = {
			isa = PBXGroup;
			children = (
				80C8093F2B28FB6000E99C8B /* NextRaceCell.swift */,
				80C809452B28FC0B00E99C8B /* CurrentSeasonCell.swift */,
				80C809472B28FC7F00E99C8B /* CurrentCircuitCell.swift */,
				80C8094B2B28FCD100E99C8B /* WeekendScheduleBigCell.swift */,
				80C809492B28FCA500E99C8B /* WeekendScheduleSmallCell.swift */,
			);
			name = Components;
			sourceTree = "<group>";
		};
		80C809202B28EACD00E99C8B /* ModelDTO */ = {
			isa = PBXGroup;
			children = (
				80C809272B28F3AA00E99C8B /* CurrentSeasonDTO.swift */,
			);
			name = ModelDTO;
			sourceTree = "<group>";
		};
		80C809222B28EAF800E99C8B /* HistoryAllSeasonsTest */ = {
			isa = PBXGroup;
			children = (
			);
			name = HistoryAllSeasonsTest;
			sourceTree = "<group>";
		};
		80C809232B28EB2000E99C8B /* CurrentConstructorsTest */ = {
			isa = PBXGroup;
			children = (
				80A200D02B389BF8004B3F82 /* CurrentConstructorTest.json */,
				80A201142B38A68D004B3F82 /* ConstructorInfoTest.swift */,
			);
			name = CurrentConstructorsTest;
			sourceTree = "<group>";
		};
		80C809242B28EB7C00E99C8B /* CurrentDriversTest */ = {
			isa = PBXGroup;
			children = (
				80A200B22B378192004B3F82 /* CurrentDriverInfoTest.json */,
				80A200B42B3781B5004B3F82 /* CurrentDriverInfoRepoTest.swift */,
			);
			name = CurrentDriversTest;
			sourceTree = "<group>";
		};
		80C809252B28EB8F00E99C8B /* CurrentResultsTest */ = {
			isa = PBXGroup;
			children = (
				80A2009E2B377BAD004B3F82 /* RacesResultsTest.json */,
				80A200A02B377BD0004B3F82 /* RacesResultsRepoTest.swift */,
			);
			name = CurrentResultsTest;
			sourceTree = "<group>";
		};
		80C809262B28EBA000E99C8B /* CurrentNextRacesTest */ = {
			isa = PBXGroup;
			children = (
				80C809412B28FB9400E99C8B /* CurrentSeasonTest.json */,
				80C809432B28FBBD00E99C8B /* CurrentSeasonRepoTest.swift */,
			);
			name = CurrentNextRacesTest;
			sourceTree = "<group>";
		};
/* End PBXGroup section */

/* Begin PBXNativeTarget section */
		80C808C32B28DFAE00E99C8B /* FormulaOneApp */ = {
			isa = PBXNativeTarget;
			buildConfigurationList = 80C808E82B28DFB000E99C8B /* Build configuration list for PBXNativeTarget "FormulaOneApp" */;
			buildPhases = (
				80C808C02B28DFAE00E99C8B /* Sources */,
				80C808C12B28DFAE00E99C8B /* Frameworks */,
				80C808C22B28DFAE00E99C8B /* Resources */,
			);
			buildRules = (
			);
			dependencies = (
			);
			name = FormulaOneApp;
			productName = FormulaOneApp;
			productReference = 80C808C42B28DFAE00E99C8B /* FormulaOneApp.app */;
			productType = "com.apple.product-type.application";
		};
		80C808D32B28DFB000E99C8B /* FormulaOneAppTests */ = {
			isa = PBXNativeTarget;
			buildConfigurationList = 80C808EB2B28DFB000E99C8B /* Build configuration list for PBXNativeTarget "FormulaOneAppTests" */;
			buildPhases = (
				80C808D02B28DFB000E99C8B /* Sources */,
				80C808D12B28DFB000E99C8B /* Frameworks */,
				80C808D22B28DFB000E99C8B /* Resources */,
			);
			buildRules = (
			);
			dependencies = (
				80C808D62B28DFB000E99C8B /* PBXTargetDependency */,
			);
			name = FormulaOneAppTests;
			productName = FormulaOneAppTests;
			productReference = 80C808D42B28DFB000E99C8B /* FormulaOneAppTests.xctest */;
			productType = "com.apple.product-type.bundle.unit-test";
		};
		80C808DD2B28DFB000E99C8B /* FormulaOneAppUITests */ = {
			isa = PBXNativeTarget;
			buildConfigurationList = 80C808EE2B28DFB000E99C8B /* Build configuration list for PBXNativeTarget "FormulaOneAppUITests" */;
			buildPhases = (
				80C808DA2B28DFB000E99C8B /* Sources */,
				80C808DB2B28DFB000E99C8B /* Frameworks */,
				80C808DC2B28DFB000E99C8B /* Resources */,
			);
			buildRules = (
			);
			dependencies = (
				80C808E02B28DFB000E99C8B /* PBXTargetDependency */,
			);
			name = FormulaOneAppUITests;
			productName = FormulaOneAppUITests;
			productReference = 80C808DE2B28DFB000E99C8B /* FormulaOneAppUITests.xctest */;
			productType = "com.apple.product-type.bundle.ui-testing";
		};
/* End PBXNativeTarget section */

/* Begin PBXProject section */
		80C808BC2B28DFAE00E99C8B /* Project object */ = {
			isa = PBXProject;
			attributes = {
				BuildIndependentTargetsInParallel = 1;
				LastSwiftUpdateCheck = 1500;
				LastUpgradeCheck = 1500;
				TargetAttributes = {
					80C808C32B28DFAE00E99C8B = {
						CreatedOnToolsVersion = 15.0.1;
					};
					80C808D32B28DFB000E99C8B = {
						CreatedOnToolsVersion = 15.0.1;
						TestTargetID = 80C808C32B28DFAE00E99C8B;
					};
					80C808DD2B28DFB000E99C8B = {
						CreatedOnToolsVersion = 15.0.1;
						TestTargetID = 80C808C32B28DFAE00E99C8B;
					};
				};
			};
			buildConfigurationList = 80C808BF2B28DFAE00E99C8B /* Build configuration list for PBXProject "FormulaOneApp" */;
			compatibilityVersion = "Xcode 14.0";
			developmentRegion = en;
			hasScannedForEncodings = 0;
			knownRegions = (
				en,
				Base,
			);
			mainGroup = 80C808BB2B28DFAE00E99C8B;
			productRefGroup = 80C808C52B28DFAE00E99C8B /* Products */;
			projectDirPath = "";
			projectRoot = "";
			targets = (
				80C808C32B28DFAE00E99C8B /* FormulaOneApp */,
				80C808D32B28DFB000E99C8B /* FormulaOneAppTests */,
				80C808DD2B28DFB000E99C8B /* FormulaOneAppUITests */,
			);
		};
/* End PBXProject section */

/* Begin PBXResourcesBuildPhase section */
		80C808C22B28DFAE00E99C8B /* Resources */ = {
			isa = PBXResourcesBuildPhase;
			buildActionMask = 2147483647;
			files = (
				80A200D12B389BF8004B3F82 /* CurrentConstructorTest.json in Resources */,
				80C809522B29019F00E99C8B /* Asseets.xcassets in Resources */,
				80A200B32B378192004B3F82 /* CurrentDriverInfoTest.json in Resources */,
				808EE58A2B310E810026C9E4 /* CurrentSeasonDemoData.json in Resources */,
				80C808CF2B28DFAF00E99C8B /* Preview Assets.xcassets in Resources */,
				80A2009F2B377BAD004B3F82 /* RacesResultsTest.json in Resources */,
				80C809422B28FB9400E99C8B /* CurrentSeasonTest.json in Resources */,
			);
			runOnlyForDeploymentPostprocessing = 0;
		};
		80C808D22B28DFB000E99C8B /* Resources */ = {
			isa = PBXResourcesBuildPhase;
			buildActionMask = 2147483647;
			files = (
			);
			runOnlyForDeploymentPostprocessing = 0;
		};
		80C808DC2B28DFB000E99C8B /* Resources */ = {
			isa = PBXResourcesBuildPhase;
			buildActionMask = 2147483647;
			files = (
			);
			runOnlyForDeploymentPostprocessing = 0;
		};
/* End PBXResourcesBuildPhase section */

/* Begin PBXSourcesBuildPhase section */
		80C808C02B28DFAE00E99C8B /* Sources */ = {
			isa = PBXSourcesBuildPhase;
			buildActionMask = 2147483647;
			files = (
				80A200B12B378163004B3F82 /* CurrentDriverInfoRepository.swift in Sources */,
				80C8092C2B28F41600E99C8B /* NWInterface.swift in Sources */,
				80A200BB2B378302004B3F82 /* DriverInfoCell.swift in Sources */,
				80C809302B28F4C400E99C8B /* URLSessionExt.swift in Sources */,
				80A2011F2B38A742004B3F82 /* PrivacyConditionsView.swift in Sources */,
				80A2011B2B38A6E9004B3F82 /* SettingsCell.swift in Sources */,
				80C809282B28F3AA00E99C8B /* CurrentSeasonDTO.swift in Sources */,
				80A200952B377AD7004B3F82 /* RaceResultsRepository.swift in Sources */,
				80C809342B28F55900E99C8B /* JSONDecoder.swift in Sources */,
				80A200992B377B15004B3F82 /* RaceCell.swift in Sources */,
				80A201232B38A769004B3F82 /* DonationDetailsView.swift in Sources */,
				80A200B52B3781B5004B3F82 /* CurrentDriverInfoRepoTest.swift in Sources */,
				80C8093A2B28F6F700E99C8B /* PagerView.swift in Sources */,
				80C809322B28F52D00E99C8B /* URLRequestExt.swift in Sources */,
				80C808CA2B28DFAE00E99C8B /* HomeView.swift in Sources */,
				80C809362B28F5D500E99C8B /* PageModel.swift in Sources */,
				80A2009D2B377B5D004B3F82 /* RoundCircuitCell.swift in Sources */,
				80A200DD2B389C7F004B3F82 /* ConstructorImageGridCell.swift in Sources */,
				80A201112B38A668004B3F82 /* ConstructorLastStdInfoCell.swift in Sources */,
				80A200932B37790A004B3F82 /* CurrentResultsRaceTable.swift in Sources */,
				80C8094E2B28FCF400E99C8B /* NextRacesView.swift in Sources */,
				80C809442B28FBBD00E99C8B /* CurrentSeasonRepoTest.swift in Sources */,
				80A200BD2B378326004B3F82 /* DriversImageGridCell.swift in Sources */,
				80A200DF2B389C89004B3F82 /* ConstructorInfoCell.swift in Sources */,
				80C8093E2B28FB3400E99C8B /* CurrentRaceTableVM.swift in Sources */,
				80A200E12B389C92004B3F82 /* ConstructorImageCell.swift in Sources */,
				80A200A92B3780C5004B3F82 /* CurrentDriverInformationDTO.swift in Sources */,
				80C8093C2B28FB1700E99C8B /* CurrentRaceTableRepository.swift in Sources */,
				80A201192B38A6AB004B3F82 /* SettingsView.swift in Sources */,
				80C808C82B28DFAE00E99C8B /* FormulaOneAppApp.swift in Sources */,
				80A200C92B3898DC004B3F82 /* CurrentConstructorInfoDTO.swift in Sources */,
				80C809382B28F6CE00E99C8B /* PageView.swift in Sources */,
				80A200BF2B378357004B3F82 /* DriverInfoImageCell.swift in Sources */,
				80C809482B28FC7F00E99C8B /* CurrentCircuitCell.swift in Sources */,
				80A201032B38A5F2004B3F82 /* CurrentConstructorInfoVM.swift in Sources */,
				80A200E32B389C98004B3F82 /* ConstructorInfoDetailCell.swift in Sources */,
				80A200B72B3781D9004B3F82 /* CurrentDriverInfoVM.swift in Sources */,
				80C8094A2B28FCA500E99C8B /* WeekendScheduleSmallCell.swift in Sources */,
				80C809462B28FC0B00E99C8B /* CurrentSeasonCell.swift in Sources */,
				80A200C72B3783D4004B3F82 /* DriverInfoView.swift in Sources */,
				80A2009B2B377B3F004B3F82 /* DriverResultCell.swift in Sources */,
				80A200DB2B389C6B004B3F82 /* ConstructorInfoDetailView.swift in Sources */,
				80C8092E2B28F49F00E99C8B /* DateFormattedExt.swift in Sources */,
				80A200912B3778E4004B3F82 /* CurrentResultsRaceTableDTO.swift in Sources */,
				80A200FD2B38A5AD004B3F82 /* ConstructorLastStdRepository.swift in Sources */,
				80A200CD2B38998D004B3F82 /* CurrentConstructorTable.swift in Sources */,
				80A200D32B389C0B004B3F82 /* CurrentConstructorRepository.swift in Sources */,
				80A2011D2B38A6F1004B3F82 /* SupportMailView.swift in Sources */,
				80A200AB2B3780E3004B3F82 /* CurrentDriverLastStandingsDTO.swift in Sources */,
				80C8094C2B28FCD100E99C8B /* WeekendScheduleBigCell.swift in Sources */,
				80A200972B377AF4004B3F82 /* RaceResultsVM.swift in Sources */,
				80C809502B28FD1800E99C8B /* NextRaceDetailView.swift in Sources */,
				80A200CB2B389967004B3F82 /* CurrentConstructorLastStandingsDTO.swift in Sources */,
				80A201212B38A74F004B3F82 /* IconSelectionView.swift in Sources */,
				80A200AD2B3780FF004B3F82 /* CurrentDriverInfoTable.swift in Sources */,
				80A201152B38A68D004B3F82 /* ConstructorInfoTest.swift in Sources */,
				80A200C12B37837A004B3F82 /* DriverInfoDetailCell.swift in Sources */,
				80A200C32B378395004B3F82 /* DriverLastStdCell.swift in Sources */,
				80A200A32B377C1B004B3F82 /* RaceResultView.swift in Sources */,
				80A201172B38A6A2004B3F82 /* SettingsVM.swift in Sources */,
				80A200A12B377BD0004B3F82 /* RacesResultsRepoTest.swift in Sources */,
				80A200B92B3782C6004B3F82 /* DriverLastStdRepository.swift in Sources */,
				80A200C52B3783BA004B3F82 /* DriverInfoDetailView.swift in Sources */,
				80A200AF2B378122004B3F82 /* DriverLastStandingsTable.swift in Sources */,
				80A200E72B389CAC004B3F82 /* ConstructorInfoView.swift in Sources */,
				80A200A52B377C43004B3F82 /* RaceResultDetailView.swift in Sources */,
				80A200F92B38A590004B3F82 /* ConstructorStandingsTable.swift in Sources */,
				80C8092A2B28F3D300E99C8B /* CurrentRaceTable.swift in Sources */,
				80C809402B28FB6000E99C8B /* NextRaceCell.swift in Sources */,
			);
			runOnlyForDeploymentPostprocessing = 0;
		};
		80C808D02B28DFB000E99C8B /* Sources */ = {
			isa = PBXSourcesBuildPhase;
			buildActionMask = 2147483647;
			files = (
				80C808D92B28DFB000E99C8B /* FormulaOneAppTests.swift in Sources */,
			);
			runOnlyForDeploymentPostprocessing = 0;
		};
		80C808DA2B28DFB000E99C8B /* Sources */ = {
			isa = PBXSourcesBuildPhase;
			buildActionMask = 2147483647;
			files = (
				80C808E52B28DFB000E99C8B /* FormulaOneAppUITestsLaunchTests.swift in Sources */,
				80C808E32B28DFB000E99C8B /* FormulaOneAppUITests.swift in Sources */,
			);
			runOnlyForDeploymentPostprocessing = 0;
		};
/* End PBXSourcesBuildPhase section */

/* Begin PBXTargetDependency section */
		80C808D62B28DFB000E99C8B /* PBXTargetDependency */ = {
			isa = PBXTargetDependency;
			target = 80C808C32B28DFAE00E99C8B /* FormulaOneApp */;
			targetProxy = 80C808D52B28DFB000E99C8B /* PBXContainerItemProxy */;
		};
		80C808E02B28DFB000E99C8B /* PBXTargetDependency */ = {
			isa = PBXTargetDependency;
			target = 80C808C32B28DFAE00E99C8B /* FormulaOneApp */;
			targetProxy = 80C808DF2B28DFB000E99C8B /* PBXContainerItemProxy */;
		};
/* End PBXTargetDependency section */

/* Begin XCBuildConfiguration section */
		80C808E62B28DFB000E99C8B /* Debug */ = {
			isa = XCBuildConfiguration;
			buildSettings = {
				ALWAYS_SEARCH_USER_PATHS = NO;
				ASSETCATALOG_COMPILER_GENERATE_SWIFT_ASSET_SYMBOL_EXTENSIONS = YES;
				CLANG_ANALYZER_NONNULL = YES;
				CLANG_ANALYZER_NUMBER_OBJECT_CONVERSION = YES_AGGRESSIVE;
				CLANG_CXX_LANGUAGE_STANDARD = "gnu++20";
				CLANG_ENABLE_MODULES = YES;
				CLANG_ENABLE_OBJC_ARC = YES;
				CLANG_ENABLE_OBJC_WEAK = YES;
				CLANG_WARN_BLOCK_CAPTURE_AUTORELEASING = YES;
				CLANG_WARN_BOOL_CONVERSION = YES;
				CLANG_WARN_COMMA = YES;
				CLANG_WARN_CONSTANT_CONVERSION = YES;
				CLANG_WARN_DEPRECATED_OBJC_IMPLEMENTATIONS = YES;
				CLANG_WARN_DIRECT_OBJC_ISA_USAGE = YES_ERROR;
				CLANG_WARN_DOCUMENTATION_COMMENTS = YES;
				CLANG_WARN_EMPTY_BODY = YES;
				CLANG_WARN_ENUM_CONVERSION = YES;
				CLANG_WARN_INFINITE_RECURSION = YES;
				CLANG_WARN_INT_CONVERSION = YES;
				CLANG_WARN_NON_LITERAL_NULL_CONVERSION = YES;
				CLANG_WARN_OBJC_IMPLICIT_RETAIN_SELF = YES;
				CLANG_WARN_OBJC_LITERAL_CONVERSION = YES;
				CLANG_WARN_OBJC_ROOT_CLASS = YES_ERROR;
				CLANG_WARN_QUOTED_INCLUDE_IN_FRAMEWORK_HEADER = YES;
				CLANG_WARN_RANGE_LOOP_ANALYSIS = YES;
				CLANG_WARN_STRICT_PROTOTYPES = YES;
				CLANG_WARN_SUSPICIOUS_MOVE = YES;
				CLANG_WARN_UNGUARDED_AVAILABILITY = YES_AGGRESSIVE;
				CLANG_WARN_UNREACHABLE_CODE = YES;
				CLANG_WARN__DUPLICATE_METHOD_MATCH = YES;
				COPY_PHASE_STRIP = NO;
				DEBUG_INFORMATION_FORMAT = dwarf;
				ENABLE_STRICT_OBJC_MSGSEND = YES;
				ENABLE_TESTABILITY = YES;
				ENABLE_USER_SCRIPT_SANDBOXING = YES;
				GCC_C_LANGUAGE_STANDARD = gnu17;
				GCC_DYNAMIC_NO_PIC = NO;
				GCC_NO_COMMON_BLOCKS = YES;
				GCC_OPTIMIZATION_LEVEL = 0;
				GCC_PREPROCESSOR_DEFINITIONS = (
					"DEBUG=1",
					"$(inherited)",
				);
				GCC_WARN_64_TO_32_BIT_CONVERSION = YES;
				GCC_WARN_ABOUT_RETURN_TYPE = YES_ERROR;
				GCC_WARN_UNDECLARED_SELECTOR = YES;
				GCC_WARN_UNINITIALIZED_AUTOS = YES_AGGRESSIVE;
				GCC_WARN_UNUSED_FUNCTION = YES;
				GCC_WARN_UNUSED_VARIABLE = YES;
				IPHONEOS_DEPLOYMENT_TARGET = 17.0;
				LOCALIZATION_PREFERS_STRING_CATALOGS = YES;
				MTL_ENABLE_DEBUG_INFO = INCLUDE_SOURCE;
				MTL_FAST_MATH = YES;
				ONLY_ACTIVE_ARCH = YES;
				SDKROOT = iphoneos;
				SWIFT_ACTIVE_COMPILATION_CONDITIONS = "DEBUG $(inherited)";
				SWIFT_OPTIMIZATION_LEVEL = "-Onone";
			};
			name = Debug;
		};
		80C808E72B28DFB000E99C8B /* Release */ = {
			isa = XCBuildConfiguration;
			buildSettings = {
				ALWAYS_SEARCH_USER_PATHS = NO;
				ASSETCATALOG_COMPILER_GENERATE_SWIFT_ASSET_SYMBOL_EXTENSIONS = YES;
				CLANG_ANALYZER_NONNULL = YES;
				CLANG_ANALYZER_NUMBER_OBJECT_CONVERSION = YES_AGGRESSIVE;
				CLANG_CXX_LANGUAGE_STANDARD = "gnu++20";
				CLANG_ENABLE_MODULES = YES;
				CLANG_ENABLE_OBJC_ARC = YES;
				CLANG_ENABLE_OBJC_WEAK = YES;
				CLANG_WARN_BLOCK_CAPTURE_AUTORELEASING = YES;
				CLANG_WARN_BOOL_CONVERSION = YES;
				CLANG_WARN_COMMA = YES;
				CLANG_WARN_CONSTANT_CONVERSION = YES;
				CLANG_WARN_DEPRECATED_OBJC_IMPLEMENTATIONS = YES;
				CLANG_WARN_DIRECT_OBJC_ISA_USAGE = YES_ERROR;
				CLANG_WARN_DOCUMENTATION_COMMENTS = YES;
				CLANG_WARN_EMPTY_BODY = YES;
				CLANG_WARN_ENUM_CONVERSION = YES;
				CLANG_WARN_INFINITE_RECURSION = YES;
				CLANG_WARN_INT_CONVERSION = YES;
				CLANG_WARN_NON_LITERAL_NULL_CONVERSION = YES;
				CLANG_WARN_OBJC_IMPLICIT_RETAIN_SELF = YES;
				CLANG_WARN_OBJC_LITERAL_CONVERSION = YES;
				CLANG_WARN_OBJC_ROOT_CLASS = YES_ERROR;
				CLANG_WARN_QUOTED_INCLUDE_IN_FRAMEWORK_HEADER = YES;
				CLANG_WARN_RANGE_LOOP_ANALYSIS = YES;
				CLANG_WARN_STRICT_PROTOTYPES = YES;
				CLANG_WARN_SUSPICIOUS_MOVE = YES;
				CLANG_WARN_UNGUARDED_AVAILABILITY = YES_AGGRESSIVE;
				CLANG_WARN_UNREACHABLE_CODE = YES;
				CLANG_WARN__DUPLICATE_METHOD_MATCH = YES;
				COPY_PHASE_STRIP = NO;
				DEBUG_INFORMATION_FORMAT = "dwarf-with-dsym";
				ENABLE_NS_ASSERTIONS = NO;
				ENABLE_STRICT_OBJC_MSGSEND = YES;
				ENABLE_USER_SCRIPT_SANDBOXING = YES;
				GCC_C_LANGUAGE_STANDARD = gnu17;
				GCC_NO_COMMON_BLOCKS = YES;
				GCC_WARN_64_TO_32_BIT_CONVERSION = YES;
				GCC_WARN_ABOUT_RETURN_TYPE = YES_ERROR;
				GCC_WARN_UNDECLARED_SELECTOR = YES;
				GCC_WARN_UNINITIALIZED_AUTOS = YES_AGGRESSIVE;
				GCC_WARN_UNUSED_FUNCTION = YES;
				GCC_WARN_UNUSED_VARIABLE = YES;
				IPHONEOS_DEPLOYMENT_TARGET = 17.0;
				LOCALIZATION_PREFERS_STRING_CATALOGS = YES;
				MTL_ENABLE_DEBUG_INFO = NO;
				MTL_FAST_MATH = YES;
				SDKROOT = iphoneos;
				SWIFT_COMPILATION_MODE = wholemodule;
				VALIDATE_PRODUCT = YES;
			};
			name = Release;
		};
		80C808E92B28DFB000E99C8B /* Debug */ = {
			isa = XCBuildConfiguration;
			buildSettings = {
				ASSETCATALOG_COMPILER_APPICON_NAME = AppIcon;
				ASSETCATALOG_COMPILER_GLOBAL_ACCENT_COLOR_NAME = AccentColor;
				ASSETCATALOG_COMPILER_INCLUDE_ALL_APPICON_ASSETS = YES;
				CODE_SIGN_STYLE = Automatic;
				CURRENT_PROJECT_VERSION = 1;
				DEVELOPMENT_ASSET_PATHS = "\"FormulaOneApp/Preview Content\"";
				DEVELOPMENT_TEAM = EAPL44JCSU;
				ENABLE_PREVIEWS = YES;
				GENERATE_INFOPLIST_FILE = YES;
				INFOPLIST_KEY_UIApplicationSceneManifest_Generation = YES;
				INFOPLIST_KEY_UIApplicationSupportsIndirectInputEvents = YES;
				INFOPLIST_KEY_UILaunchScreen_Generation = YES;
				INFOPLIST_KEY_UISupportedInterfaceOrientations_iPad = "UIInterfaceOrientationPortrait UIInterfaceOrientationPortraitUpsideDown UIInterfaceOrientationLandscapeLeft UIInterfaceOrientationLandscapeRight";
				INFOPLIST_KEY_UISupportedInterfaceOrientations_iPhone = "UIInterfaceOrientationPortrait UIInterfaceOrientationLandscapeLeft UIInterfaceOrientationLandscapeRight";
				LD_RUNPATH_SEARCH_PATHS = (
					"$(inherited)",
					"@executable_path/Frameworks",
				);
				MARKETING_VERSION = 1.0;
				PRODUCT_BUNDLE_IDENTIFIER = com.FormulaOneApp;
				PRODUCT_NAME = "$(TARGET_NAME)";
				SWIFT_EMIT_LOC_STRINGS = YES;
				SWIFT_VERSION = 5.0;
				TARGETED_DEVICE_FAMILY = "1,2";
			};
			name = Debug;
		};
		80C808EA2B28DFB000E99C8B /* Release */ = {
			isa = XCBuildConfiguration;
			buildSettings = {
				ASSETCATALOG_COMPILER_APPICON_NAME = AppIcon;
				ASSETCATALOG_COMPILER_GLOBAL_ACCENT_COLOR_NAME = AccentColor;
				ASSETCATALOG_COMPILER_INCLUDE_ALL_APPICON_ASSETS = YES;
				CODE_SIGN_STYLE = Automatic;
				CURRENT_PROJECT_VERSION = 1;
				DEVELOPMENT_ASSET_PATHS = "\"FormulaOneApp/Preview Content\"";
				DEVELOPMENT_TEAM = EAPL44JCSU;
				ENABLE_PREVIEWS = YES;
				GENERATE_INFOPLIST_FILE = YES;
				INFOPLIST_KEY_UIApplicationSceneManifest_Generation = YES;
				INFOPLIST_KEY_UIApplicationSupportsIndirectInputEvents = YES;
				INFOPLIST_KEY_UILaunchScreen_Generation = YES;
				INFOPLIST_KEY_UISupportedInterfaceOrientations_iPad = "UIInterfaceOrientationPortrait UIInterfaceOrientationPortraitUpsideDown UIInterfaceOrientationLandscapeLeft UIInterfaceOrientationLandscapeRight";
				INFOPLIST_KEY_UISupportedInterfaceOrientations_iPhone = "UIInterfaceOrientationPortrait UIInterfaceOrientationLandscapeLeft UIInterfaceOrientationLandscapeRight";
				LD_RUNPATH_SEARCH_PATHS = (
					"$(inherited)",
					"@executable_path/Frameworks",
				);
				MARKETING_VERSION = 1.0;
				PRODUCT_BUNDLE_IDENTIFIER = com.FormulaOneApp;
				PRODUCT_NAME = "$(TARGET_NAME)";
				SWIFT_EMIT_LOC_STRINGS = YES;
				SWIFT_VERSION = 5.0;
				TARGETED_DEVICE_FAMILY = "1,2";
			};
			name = Release;
		};
		80C808EC2B28DFB000E99C8B /* Debug */ = {
			isa = XCBuildConfiguration;
			buildSettings = {
				ALWAYS_EMBED_SWIFT_STANDARD_LIBRARIES = YES;
				BUNDLE_LOADER = "$(TEST_HOST)";
				CODE_SIGN_STYLE = Automatic;
				CURRENT_PROJECT_VERSION = 1;
				DEVELOPMENT_TEAM = EAPL44JCSU;
				GENERATE_INFOPLIST_FILE = YES;
				IPHONEOS_DEPLOYMENT_TARGET = 17.0;
				MARKETING_VERSION = 1.0;
				PRODUCT_BUNDLE_IDENTIFIER = com.FormulaOneAppTests;
				PRODUCT_NAME = "$(TARGET_NAME)";
				SWIFT_EMIT_LOC_STRINGS = NO;
				SWIFT_VERSION = 5.0;
				TARGETED_DEVICE_FAMILY = "1,2";
				TEST_HOST = "$(BUILT_PRODUCTS_DIR)/FormulaOneApp.app/$(BUNDLE_EXECUTABLE_FOLDER_PATH)/FormulaOneApp";
			};
			name = Debug;
		};
		80C808ED2B28DFB000E99C8B /* Release */ = {
			isa = XCBuildConfiguration;
			buildSettings = {
				ALWAYS_EMBED_SWIFT_STANDARD_LIBRARIES = YES;
				BUNDLE_LOADER = "$(TEST_HOST)";
				CODE_SIGN_STYLE = Automatic;
				CURRENT_PROJECT_VERSION = 1;
				DEVELOPMENT_TEAM = EAPL44JCSU;
				GENERATE_INFOPLIST_FILE = YES;
				IPHONEOS_DEPLOYMENT_TARGET = 17.0;
				MARKETING_VERSION = 1.0;
				PRODUCT_BUNDLE_IDENTIFIER = com.FormulaOneAppTests;
				PRODUCT_NAME = "$(TARGET_NAME)";
				SWIFT_EMIT_LOC_STRINGS = NO;
				SWIFT_VERSION = 5.0;
				TARGETED_DEVICE_FAMILY = "1,2";
				TEST_HOST = "$(BUILT_PRODUCTS_DIR)/FormulaOneApp.app/$(BUNDLE_EXECUTABLE_FOLDER_PATH)/FormulaOneApp";
			};
			name = Release;
		};
		80C808EF2B28DFB000E99C8B /* Debug */ = {
			isa = XCBuildConfiguration;
			buildSettings = {
				ALWAYS_EMBED_SWIFT_STANDARD_LIBRARIES = YES;
				CODE_SIGN_STYLE = Automatic;
				CURRENT_PROJECT_VERSION = 1;
				DEVELOPMENT_TEAM = EAPL44JCSU;
				GENERATE_INFOPLIST_FILE = YES;
				MARKETING_VERSION = 1.0;
				PRODUCT_BUNDLE_IDENTIFIER = com.FormulaOneAppUITests;
				PRODUCT_NAME = "$(TARGET_NAME)";
				SWIFT_EMIT_LOC_STRINGS = NO;
				SWIFT_VERSION = 5.0;
				TARGETED_DEVICE_FAMILY = "1,2";
				TEST_TARGET_NAME = FormulaOneApp;
			};
			name = Debug;
		};
		80C808F02B28DFB000E99C8B /* Release */ = {
			isa = XCBuildConfiguration;
			buildSettings = {
				ALWAYS_EMBED_SWIFT_STANDARD_LIBRARIES = YES;
				CODE_SIGN_STYLE = Automatic;
				CURRENT_PROJECT_VERSION = 1;
				DEVELOPMENT_TEAM = EAPL44JCSU;
				GENERATE_INFOPLIST_FILE = YES;
				MARKETING_VERSION = 1.0;
				PRODUCT_BUNDLE_IDENTIFIER = com.FormulaOneAppUITests;
				PRODUCT_NAME = "$(TARGET_NAME)";
				SWIFT_EMIT_LOC_STRINGS = NO;
				SWIFT_VERSION = 5.0;
				TARGETED_DEVICE_FAMILY = "1,2";
				TEST_TARGET_NAME = FormulaOneApp;
			};
			name = Release;
		};
/* End XCBuildConfiguration section */

/* Begin XCConfigurationList section */
		80C808BF2B28DFAE00E99C8B /* Build configuration list for PBXProject "FormulaOneApp" */ = {
			isa = XCConfigurationList;
			buildConfigurations = (
				80C808E62B28DFB000E99C8B /* Debug */,
				80C808E72B28DFB000E99C8B /* Release */,
			);
			defaultConfigurationIsVisible = 0;
			defaultConfigurationName = Release;
		};
		80C808E82B28DFB000E99C8B /* Build configuration list for PBXNativeTarget "FormulaOneApp" */ = {
			isa = XCConfigurationList;
			buildConfigurations = (
				80C808E92B28DFB000E99C8B /* Debug */,
				80C808EA2B28DFB000E99C8B /* Release */,
			);
			defaultConfigurationIsVisible = 0;
			defaultConfigurationName = Release;
		};
		80C808EB2B28DFB000E99C8B /* Build configuration list for PBXNativeTarget "FormulaOneAppTests" */ = {
			isa = XCConfigurationList;
			buildConfigurations = (
				80C808EC2B28DFB000E99C8B /* Debug */,
				80C808ED2B28DFB000E99C8B /* Release */,
			);
			defaultConfigurationIsVisible = 0;
			defaultConfigurationName = Release;
		};
		80C808EE2B28DFB000E99C8B /* Build configuration list for PBXNativeTarget "FormulaOneAppUITests" */ = {
			isa = XCConfigurationList;
			buildConfigurations = (
				80C808EF2B28DFB000E99C8B /* Debug */,
				80C808F02B28DFB000E99C8B /* Release */,
			);
			defaultConfigurationIsVisible = 0;
			defaultConfigurationName = Release;
		};
/* End XCConfigurationList section */
	};
	rootObject = 80C808BC2B28DFAE00E99C8B /* Project object */;
}
